
Microsoft Visual Studio Solution File, Format Version 12.00
# Visual Studio Version 17
VisualStudioVersion = 17.8.34525.116
MinimumVisualStudioVersion = 10.0.40219.1
Project("{FAE04EC0-301F-11D3-BF4B-00C04F79EFBC}") = "ReportAPI", "WebApplication1\ReportAPI.csproj", "{F52B4448-AF46-48F5-9D83-F2299A4F4F60}"
EndProject
Global
	GlobalSection(SolutionConfigurationPlatforms) = preSolution
		Debug|Any CPU = Debug|Any CPU
		Release|Any CPU = Release|Any CPU
	EndGlobalSection
	GlobalSection(ProjectConfigurationPlatforms) = postSolution
		{F52B4448-AF46-48F5-9D83-F2299A4F4F60}.Debug|Any CPU.ActiveCfg = Debug|Any CPU
		{F52B4448-AF46-48F5-9D83-F2299A4F4F60}.Debug|Any CPU.Build.0 = Debug|Any CPU
		{F52B4448-AF46-48F5-9D83-F2299A4F4F60}.Release|Any CPU.ActiveCfg = Release|Any CPU
		{F52B4448-AF46-48F5-9D83-F2299A4F4F60}.Release|Any CPU.Build.0 = Release|Any CPU
	EndGlobalSection
	GlobalSection(SolutionProperties) = preSolution
		HideSolutionNode = FALSE
	EndGlobalSection
	GlobalSection(ExtensibilityGlobals) = postSolution
		SolutionGuid = {43399D0A-A2B8-4370-990D-EC8B6B2E50E5}
	EndGlobalSection
EndGlobal
